
Microsoft Visual Studio Solution File, Format Version 12.00
# Visual Studio Version 17
VisualStudioVersion = 17.0.32126.317
MinimumVisualStudioVersion = 10.0.40219.1
Project("{FAE04EC0-301F-11D3-BF4B-00C04F79EFBC}") = "Conta_Bancaria", "Conta_Bancaria\Conta_Bancaria.csproj", "{ED888108-65AB-4668-B222-6EB5F757A4BC}"
EndProject
Global
	GlobalSection(SolutionConfigurationPlatforms) = preSolution
		Debug|Any CPU = Debug|Any CPU
		Release|Any CPU = Release|Any CPU
	EndGlobalSection
	GlobalSection(ProjectConfigurationPlatforms) = postSolution
		{ED888108-65AB-4668-B222-6EB5F757A4BC}.Debug|Any CPU.ActiveCfg = Debug|Any CPU
		{ED888108-65AB-4668-B222-6EB5F757A4BC}.Debug|Any CPU.Build.0 = Debug|Any CPU
		{ED888108-65AB-4668-B222-6EB5F757A4BC}.Release|Any CPU.ActiveCfg = Release|Any CPU
		{ED888108-65AB-4668-B222-6EB5F757A4BC}.Release|Any CPU.Build.0 = Release|Any CPU
	EndGlobalSection
	GlobalSection(SolutionProperties) = preSolution
		HideSolutionNode = FALSE
	EndGlobalSection
	GlobalSection(ExtensibilityGlobals) = postSolution
		SolutionGuid = {997F7B15-5149-4FBE-8A48-4A0CA5C7145A}
	EndGlobalSection
EndGlobal
